# THIS IS AN AUTOGENERATED FILE. DO NOT EDIT THIS FILE DIRECTLY.
# yarn lockfile v1


"@actions/core@^1.1.1":
  version "1.2.2"
  resolved "https://registry.yarnpkg.com/@actions/core/-/core-1.2.2.tgz#3c4848d50378f9e3bcb67bcf97813382ec7369ee"
  integrity sha512-IbCx7oefq+Gi6FWbSs2Fnw8VkEI6Y4gvjrYprY3RV//ksq/KPMlClOerJ4jRosyal6zkUIc8R9fS/cpRMlGClg==

"@zeit/ncc@^0.20.5":
  version "0.20.5"
  resolved "https://registry.yarnpkg.com/@zeit/ncc/-/ncc-0.20.5.tgz#a41af6e6bcab4a58f4612bae6137f70bce0192e3"
  integrity sha512-XU6uzwvv95DqxciQx+aOLhbyBx/13ky+RK1y88Age9Du3BlA4mMPCy13BGjayOrrumOzlq1XV3SD/BWiZENXlw==
